PODS:
  - AGEmojiKeyboard (0.2.0)

DEPENDENCIES:
  - AGEmojiKeyboard (from `https://github.com/ayushgoel/AGEmojiKeyboard`, tag `0.2.0`)

EXTERNAL SOURCES:
  AGEmojiKeyboard:
    :git: https://github.com/ayushgoel/AGEmojiKeyboard
    :tag: 0.2.0

CHECKOUT OPTIONS:
  AGEmojiKeyboard:
    :git: https://github.com/ayushgoel/AGEmojiKeyboard
    :tag: 0.2.0

SPEC CHECKSUMS:
  AGEmojiKeyboard: efcb7244ace99deb8eb2c63867ffad198d219fe0

COCOAPODS: 0.39.0
